
Microsoft Visual Studio Solution File, Format Version 12.00
# Visual Studio Version 17
VisualStudioVersion = 17.13.35806.99 d17.13
MinimumVisualStudioVersion = 10.0.40219.1
Project("{FAE04EC0-301F-11D3-BF4B-00C04F79EFBC}") = "LabW01", "LabW01\LabW01.csproj", "{C77087A5-3185-4FBB-8C5E-3C4AEFDBBF5E}"
EndProject
Global
	GlobalSection(SolutionConfigurationPlatforms) = preSolution
		Debug|Any CPU = Debug|Any CPU
		Release|Any CPU = Release|Any CPU
	EndGlobalSection
	GlobalSection(ProjectConfigurationPlatforms) = postSolution
		{C77087A5-3185-4FBB-8C5E-3C4AEFDBBF5E}.Debug|Any CPU.ActiveCfg = Debug|Any CPU
		{C77087A5-3185-4FBB-8C5E-3C4AEFDBBF5E}.Debug|Any CPU.Build.0 = Debug|Any CPU
		{C77087A5-3185-4FBB-8C5E-3C4AEFDBBF5E}.Release|Any CPU.ActiveCfg = Release|Any CPU
		{C77087A5-3185-4FBB-8C5E-3C4AEFDBBF5E}.Release|Any CPU.Build.0 = Release|Any CPU
	EndGlobalSection
	GlobalSection(SolutionProperties) = preSolution
		HideSolutionNode = FALSE
	EndGlobalSection
	GlobalSection(ExtensibilityGlobals) = postSolution
		SolutionGuid = {B3DAAF12-7588-48AC-A0FF-7ABE9595E471}
	EndGlobalSection
EndGlobal
